
Microsoft Visual Studio Solution File, Format Version 12.00
# Visual Studio 15
VisualStudioVersion = 15.0.27130.2003
MinimumVisualStudioVersion = 10.0.40219.1
Project("{FAE04EC0-301F-11D3-BF4B-00C04F79EFBC}") = "GraphLibrary", "GraphLibrary\GraphLibrary.csproj", "{7A0656DC-8B75-4F0E-9F51-C126B1B639CC}"
EndProject
Project("{FAE04EC0-301F-11D3-BF4B-00C04F79EFBC}") = "GraphUI", "GraphUI\GraphUI.csproj", "{4B69A564-0B3D-4D01-AA8C-816FCA1E5BAC}"
EndProject
Project("{FAE04EC0-301F-11D3-BF4B-00C04F79EFBC}") = "TieStrengthUI", "TieStrengthUI\TieStrengthUI.csproj", "{C5236770-7B61-4B0C-A4B9-027E6F4449F7}"
EndProject
Global
	GlobalSection(SolutionConfigurationPlatforms) = preSolution
		Debug|Any CPU = Debug|Any CPU
		Release|Any CPU = Release|Any CPU
	EndGlobalSection
	GlobalSection(ProjectConfigurationPlatforms) = postSolution
		{7A0656DC-8B75-4F0E-9F51-C126B1B639CC}.Debug|Any CPU.ActiveCfg = Debug|Any CPU
		{7A0656DC-8B75-4F0E-9F51-C126B1B639CC}.Debug|Any CPU.Build.0 = Debug|Any CPU
		{7A0656DC-8B75-4F0E-9F51-C126B1B639CC}.Release|Any CPU.ActiveCfg = Release|Any CPU
		{7A0656DC-8B75-4F0E-9F51-C126B1B639CC}.Release|Any CPU.Build.0 = Release|Any CPU
		{4B69A564-0B3D-4D01-AA8C-816FCA1E5BAC}.Debug|Any CPU.ActiveCfg = Debug|Any CPU
		{4B69A564-0B3D-4D01-AA8C-816FCA1E5BAC}.Debug|Any CPU.Build.0 = Debug|Any CPU
		{4B69A564-0B3D-4D01-AA8C-816FCA1E5BAC}.Release|Any CPU.ActiveCfg = Release|Any CPU
		{4B69A564-0B3D-4D01-AA8C-816FCA1E5BAC}.Release|Any CPU.Build.0 = Release|Any CPU
		{C5236770-7B61-4B0C-A4B9-027E6F4449F7}.Debug|Any CPU.ActiveCfg = Debug|Any CPU
		{C5236770-7B61-4B0C-A4B9-027E6F4449F7}.Debug|Any CPU.Build.0 = Debug|Any CPU
		{C5236770-7B61-4B0C-A4B9-027E6F4449F7}.Release|Any CPU.ActiveCfg = Release|Any CPU
		{C5236770-7B61-4B0C-A4B9-027E6F4449F7}.Release|Any CPU.Build.0 = Release|Any CPU
	EndGlobalSection
	GlobalSection(SolutionProperties) = preSolution
		HideSolutionNode = FALSE
	EndGlobalSection
	GlobalSection(ExtensibilityGlobals) = postSolution
		SolutionGuid = {EAA58804-88FD-4295-BBD6-D33296691123}
	EndGlobalSection
EndGlobal
